<?xml version="1.0" encoding="utf-8"?>
<Project ToolsVersion="4.0" xmlns="http://schemas.microsoft.com/developer/msbuild/2003">
  <ItemGroup>
    <ClCompile Include="fluids\fluid_system.cpp">
      <Filter>fluid</Filter>
    </ClCompile>
    <ClCompile Include="SolverGUI.cpp">
      <Filter>GUI</Filter>
    </ClCompile>
    <ClCompile Include="main.cpp">
      <Filter>GUI</Filter>
    </ClCompile>
    <ClCompile Include="catpaw\geometry.cpp">
      <Filter>cat_paw</Filter>
    </ClCompile>
    <ClCompile Include="catpaw\glUtils.cpp">
      <Filter>cat_paw</Filter>
    </ClCompile>
    <ClCompile Include="catpaw\catXMLHelper.cpp">
      <Filter>cat_paw</Filter>
    </ClCompile>
    <ClCompile Include="fluids\AddShape.cpp">
      <Filter>fluid</Filter>
    </ClCompile>
    <ClCompile Include="fluids\FluidIOUtility.cpp">
      <Filter>fluid</Filter>
    </ClCompile>
    <ClCompile Include="fluids\MemTransfer.cpp">
      <Filter>fluid</Filter>
    </ClCompile>
    <ClCompile Include="stokesian\stokesian.cpp">
      <Filter>stokesian</Filter>
    </ClCompile>
  </ItemGroup>
  <ItemGroup>
    <ClInclude Include="fluids\fluid_system.h">
      <Filter>fluid</Filter>
    </ClInclude>
    <ClInclude Include="fluids\fluidMath.cuh">
      <Filter>fluid\CudaCode</Filter>
    </ClInclude>
    <ClInclude Include="fluids\svd3_cuda.h">
      <Filter>fluid\CudaCode</Filter>
    </ClInclude>
    <ClInclude Include="common_header.h">
      <Filter>fluid</Filter>
    </ClInclude>
    <ClInclude Include="SolverGUI.h">
      <Filter>GUI</Filter>
    </ClInclude>
    <ClInclude Include="catpaw\geometry.h">
      <Filter>cat_paw</Filter>
    </ClInclude>
    <ClInclude Include="catpaw\glUtils.h">
      <Filter>cat_paw</Filter>
    </ClInclude>
    <ClInclude Include="catpaw\CatTimer.h">
      <Filter>cat_paw</Filter>
    </ClInclude>
    <ClInclude Include="catpaw\CatToolBox.h">
      <Filter>cat_paw</Filter>
    </ClInclude>
    <ClInclude Include="catpaw\catXMLhelper.h">
      <Filter>cat_paw</Filter>
    </ClInclude>
    <ClInclude Include="stokesian\Mobility.cuh">
      <Filter>stokesian</Filter>
    </ClInclude>
    <ClInclude Include="stokesian\stokesian.h">
      <Filter>stokesian</Filter>
    </ClInclude>
  </ItemGroup>
  <ItemGroup>
    <None Include="fluids\fluid_system_kern.cuh">
      <Filter>fluid\CudaCode</Filter>
    </None>
    <None Include="fluids\fluid_system_host.cuh">
      <Filter>fluid\CudaCode</Filter>
    </None>
  </ItemGroup>
  <ItemGroup>
    <Filter Include="fluid">
      <UniqueIdentifier>{0fa424a0-0014-4a01-b7dc-2da1c1b3282c}</UniqueIdentifier>
    </Filter>
    <Filter Include="fluid\CudaCode">
      <UniqueIdentifier>{022dbe31-039f-4ced-8632-fbf1f252de5e}</UniqueIdentifier>
    </Filter>
    <Filter Include="cat_paw">
      <UniqueIdentifier>{28f444cc-2717-476d-8a6b-ffa1b611d127}</UniqueIdentifier>
    </Filter>
    <Filter Include="GUI">
      <UniqueIdentifier>{7cedaf9a-146c-40d9-b157-6bdaab3e49f9}</UniqueIdentifier>
    </Filter>
    <Filter Include="stokesian">
      <UniqueIdentifier>{d23d60f4-8bd1-4266-a23e-8129f3fcc122}</UniqueIdentifier>
    </Filter>
  </ItemGroup>
  <ItemGroup>
    <CudaCompile Include="fluids\fluid_system_host.cu">
      <Filter>fluid\CudaCode</Filter>
    </CudaCompile>
    <CudaCompile Include="fluids\fluid_system_kern.cu">
      <Filter>fluid\CudaCode</Filter>
    </CudaCompile>
    <CudaCompile Include="fluids\fluidMath.cu">
      <Filter>fluid\CudaCode</Filter>
    </CudaCompile>
    <CudaCompile Include="stokesian\Mobility.cu">
      <Filter>stokesian</Filter>
    </CudaCompile>
  </ItemGroup>
</Project>